
Microsoft Visual Studio Solution File, Format Version 12.00
# Visual Studio Version 17
VisualStudioVersion = 17.14.36511.14 d17.14
MinimumVisualStudioVersion = 10.0.40219.1
Project("{FAE04EC0-301F-11D3-BF4B-00C04F79EFBC}") = "MagniVerseBackend", "MagniVerseBackend\MagniVerseBackend.csproj", "{9DF00E3C-7850-4AF3-A308-F0F4AA8AC153}"
EndProject
Global
	GlobalSection(SolutionConfigurationPlatforms) = preSolution
		Debug|Any CPU = Debug|Any CPU
		Release|Any CPU = Release|Any CPU
	EndGlobalSection
	GlobalSection(ProjectConfigurationPlatforms) = postSolution
		{9DF00E3C-7850-4AF3-A308-F0F4AA8AC153}.Debug|Any CPU.ActiveCfg = Debug|Any CPU
		{9DF00E3C-7850-4AF3-A308-F0F4AA8AC153}.Debug|Any CPU.Build.0 = Debug|Any CPU
		{9DF00E3C-7850-4AF3-A308-F0F4AA8AC153}.Release|Any CPU.ActiveCfg = Release|Any CPU
		{9DF00E3C-7850-4AF3-A308-F0F4AA8AC153}.Release|Any CPU.Build.0 = Release|Any CPU
	EndGlobalSection
	GlobalSection(SolutionProperties) = preSolution
		HideSolutionNode = FALSE
	EndGlobalSection
	GlobalSection(ExtensibilityGlobals) = postSolution
		SolutionGuid = {7EBFB188-9BC5-4466-B090-DE12BD30B8A9}
	EndGlobalSection
EndGlobal
